
Microsoft Visual Studio Solution File, Format Version 12.00
# Visual Studio Version 16
VisualStudioVersion = 16.0.29519.181
MinimumVisualStudioVersion = 10.0.40219.1
Project("{9A19103F-16F7-4668-BE54-9A1E7A4F7556}") = "StatisticalPrograms", "StatisticalPrograms\StatisticalPrograms.csproj", "{5B088F63-EAD7-43B5-A210-646FA1031752}"
EndProject
Project("{FAE04EC0-301F-11D3-BF4B-00C04F79EFBC}") = "StatisticalPrograms.Data", "StatisticalPrograms.Data\StatisticalPrograms.Data.csproj", "{7DFE4894-585D-4339-B7DB-AB2C90063870}"
EndProject
Global
	GlobalSection(SolutionConfigurationPlatforms) = preSolution
		Debug|Any CPU = Debug|Any CPU
		Release|Any CPU = Release|Any CPU
	EndGlobalSection
	GlobalSection(ProjectConfigurationPlatforms) = postSolution
		{5B088F63-EAD7-43B5-A210-646FA1031752}.Debug|Any CPU.ActiveCfg = Debug|Any CPU
		{5B088F63-EAD7-43B5-A210-646FA1031752}.Debug|Any CPU.Build.0 = Debug|Any CPU
		{5B088F63-EAD7-43B5-A210-646FA1031752}.Release|Any CPU.ActiveCfg = Release|Any CPU
		{5B088F63-EAD7-43B5-A210-646FA1031752}.Release|Any CPU.Build.0 = Release|Any CPU
		{7DFE4894-585D-4339-B7DB-AB2C90063870}.Debug|Any CPU.ActiveCfg = Debug|Any CPU
		{7DFE4894-585D-4339-B7DB-AB2C90063870}.Debug|Any CPU.Build.0 = Debug|Any CPU
		{7DFE4894-585D-4339-B7DB-AB2C90063870}.Release|Any CPU.ActiveCfg = Release|Any CPU
		{7DFE4894-585D-4339-B7DB-AB2C90063870}.Release|Any CPU.Build.0 = Release|Any CPU
	EndGlobalSection
	GlobalSection(SolutionProperties) = preSolution
		HideSolutionNode = FALSE
	EndGlobalSection
	GlobalSection(ExtensibilityGlobals) = postSolution
		SolutionGuid = {928E400C-FCF5-458F-B0C7-1FD87F3BD787}
	EndGlobalSection
EndGlobal
